dependencies:
- name: api-gateway
  repository: file://./charts/api-gateway
  version: 0.2.0
- name: auth
  repository: file://./charts/auth
  version: 0.1.0
- name: catalog
  repository: file://./charts/catalog
  version: 0.1.0
- name: orders
  repository: file://./charts/orders
  version: 0.1.0
- name: notifications
  repository: file://./charts/notifications
  version: 0.1.0
- name: mysql
  repository: file://./charts/mysql
  version: 0.1.0
- name: nats
  repository: https://nats-io.github.io/k8s/helm/charts/
  version: 2.14.5
- name: mongodb
  repository: file://./charts/mongodb
  version: 0.1.0
digest: sha256:f4a62bdb5cfb43110f70b30a5c0e2e09c0b3f2a58ae181e7ca00c35365506615
generated: "2026-09-15T13:58:30.554763999-06:00"
